
Microsoft Visual Studio Solution File, Format Version 12.00
# Visual Studio 15
VisualStudioVersion = 15.0.28307.1082
MinimumVisualStudioVersion = 10.0.40219.1
Project("{FAE04EC0-301F-11D3-BF4B-00C04F79EFBC}") = "Asteroids_avatar", "Asteroids_avatar.csproj", "{8C83CF71-E14C-4A17-A79C-7D489F0231F7}"
EndProject
Global
	GlobalSection(SolutionConfigurationPlatforms) = preSolution
		Debug|Any CPU = Debug|Any CPU
		Release|Any CPU = Release|Any CPU
	EndGlobalSection
	GlobalSection(ProjectConfigurationPlatforms) = postSolution
		{8C83CF71-E14C-4A17-A79C-7D489F0231F7}.Debug|Any CPU.ActiveCfg = Debug|Any CPU
		{8C83CF71-E14C-4A17-A79C-7D489F0231F7}.Debug|Any CPU.Build.0 = Debug|Any CPU
		{8C83CF71-E14C-4A17-A79C-7D489F0231F7}.Release|Any CPU.ActiveCfg = Release|Any CPU
		{8C83CF71-E14C-4A17-A79C-7D489F0231F7}.Release|Any CPU.Build.0 = Release|Any CPU
	EndGlobalSection
	GlobalSection(SolutionProperties) = preSolution
		HideSolutionNode = FALSE
	EndGlobalSection
	GlobalSection(ExtensibilityGlobals) = postSolution
		SolutionGuid = {DE5861B7-C8B6-4122-B33E-EE08BE90D962}
	EndGlobalSection
EndGlobal
