
Microsoft Visual Studio Solution File, Format Version 12.00
# Visual Studio 15
VisualStudioVersion = 15.0.28307.1082
MinimumVisualStudioVersion = 10.0.40219.1
Project("{FAE04EC0-301F-11D3-BF4B-00C04F79EFBC}") = "AstroidController", "AstroidController\AstroidController.csproj", "{166AEC79-7838-441E-95C5-CB24C2AAAE86}"
EndProject
Global
	GlobalSection(SolutionConfigurationPlatforms) = preSolution
		Debug|Any CPU = Debug|Any CPU
		Release|Any CPU = Release|Any CPU
	EndGlobalSection
	GlobalSection(ProjectConfigurationPlatforms) = postSolution
		{166AEC79-7838-441E-95C5-CB24C2AAAE86}.Debug|Any CPU.ActiveCfg = Debug|Any CPU
		{166AEC79-7838-441E-95C5-CB24C2AAAE86}.Debug|Any CPU.Build.0 = Debug|Any CPU
		{166AEC79-7838-441E-95C5-CB24C2AAAE86}.Release|Any CPU.ActiveCfg = Release|Any CPU
		{166AEC79-7838-441E-95C5-CB24C2AAAE86}.Release|Any CPU.Build.0 = Release|Any CPU
	EndGlobalSection
	GlobalSection(SolutionProperties) = preSolution
		HideSolutionNode = FALSE
	EndGlobalSection
	GlobalSection(ExtensibilityGlobals) = postSolution
		SolutionGuid = {DB0C1EA9-918C-4956-AE09-D74BA41FB4BB}
	EndGlobalSection
EndGlobal
